// !$*UTF8*$!
{
	archiveVersion = 1;
	classes = {
	};
	objectVersion = 46;
	objects = {

/* Begin PBXBuildFile section */
		B0BDC21B1AA4A88500E20FAB /* AppDelegate.swift in Sources */ = {isa = PBXBuildFile; fileRef = B0BDC21A1AA4A88500E20FAB /* AppDelegate.swift */; };
		B0BDC21E1AA4A88600E20FAB /* TheList.xcdatamodeld in Sources */ = {isa = PBXBuildFile; fileRef = B0BDC21C1AA4A88600E20FAB /* TheList.xcdatamodeld */; };
		B0BDC2201AA4A88600E20FAB /* ViewController.swift in Sources */ = {isa = PBXBuildFile; fileRef = B0BDC21F1AA4A88600E20FAB /* ViewController.swift */; };
		B0BDC2231AA4A88600E20FAB /* Main.storyboard in Resources */ = {isa = PBXBuildFile; fileRef = B0BDC2211AA4A88600E20FAB /* Main.storyboard */; };
		B0BDC2251AA4A88600E20FAB /* Images.xcassets in Resources */ = {isa = PBXBuildFile; fileRef = B0BDC2241AA4A88600E20FAB /* Images.xcassets */; };
		B0BDC2281AA4A88600E20FAB /* LaunchScreen.xib in Resources */ = {isa = PBXBuildFile; fileRef = B0BDC2261AA4A88600E20FAB /* LaunchScreen.xib */; };
		B0BDC2341AA4A88600E20FAB /* TheListTests.swift in Sources */ = {isa = PBXBuildFile; fileRef = B0BDC2331AA4A88600E20FAB /* TheListTests.swift */; };
/* End PBXBuildFile section */

/* Begin PBXContainerItemProxy section */
		B0BDC22E1AA4A88600E20FAB /* PBXContainerItemProxy */ = {
			isa = PBXContainerItemProxy;
			containerPortal = B0BDC20D1AA4A88500E20FAB /* Project object */;
			proxyType = 1;
			remoteGlobalIDString = B0BDC2141AA4A88500E20FAB;
			remoteInfo = TheList;
		};
/* End PBXContainerItemProxy section */

/* Begin PBXFileReference section */
		B0BDC2151AA4A88500E20FAB /* TheList.app */ = {isa = PBXFileReference; explicitFileType = wrapper.application; includeInIndex = 0; path = TheList.app; sourceTree = BUILT_PRODUCTS_DIR; };
		B0BDC2191AA4A88500E20FAB /* Info.plist */ = {isa = PBXFileReference; lastKnownFileType = text.plist.xml; path = Info.plist; sourceTree = "<group>"; };
		B0BDC21A1AA4A88500E20FAB /* AppDelegate.swift */ = {isa = PBXFileReference; lastKnownFileType = sourcecode.swift; path = AppDelegate.swift; sourceTree = "<group>"; };
		B0BDC21D1AA4A88600E20FAB /* TheList.xcdatamodel */ = {isa = PBXFileReference; lastKnownFileType = wrapper.xcdatamodel; path = TheList.xcdatamodel; sourceTree = "<group>"; };
		B0BDC21F1AA4A88600E20FAB /* ViewController.swift */ = {isa = PBXFileReference; lastKnownFileType = sourcecode.swift; path = ViewController.swift; sourceTree = "<group>"; };
		B0BDC2221AA4A88600E20FAB /* Base */ = {isa = PBXFileReference; lastKnownFileType = file.storyboard; name = Base; path = Base.lproj/Main.storyboard; sourceTree = "<group>"; };
		B0BDC2241AA4A88600E20FAB /* Images.xcassets */ = {isa = PBXFileReference; lastKnownFileType = folder.assetcatalog; path = Images.xcassets; sourceTree = "<group>"; };
		B0BDC2271AA4A88600E20FAB /* Base */ = {isa = PBXFileReference; lastKnownFileType = file.xib; name = Base; path = Base.lproj/LaunchScreen.xib; sourceTree = "<group>"; };
		B0BDC22D1AA4A88600E20FAB /* TheListTests.xctest */ = {isa = PBXFileReference; explicitFileType = wrapper.cfbundle; includeInIndex = 0; path = TheListTests.xctest; sourceTree = BUILT_PRODUCTS_DIR; };
		B0BDC2321AA4A88600E20FAB /* Info.plist */ = {isa = PBXFileReference; lastKnownFileType = text.plist.xml; path = Info.plist; sourceTree = "<group>"; };
		B0BDC2331AA4A88600E20FAB /* TheListTests.swift */ = {isa = PBXFileReference; lastKnownFileType = sourcecode.swift; path = TheListTests.swift; sourceTree = "<group>"; };
/* End PBXFileReference section */

/* Begin PBXFrameworksBuildPhase section */
		B0BDC2121AA4A88500E20FAB /* Frameworks */ = {
			isa = PBXFrameworksBuildPhase;
			buildActionMask = 2147483647;
			files = (
			);
			runOnlyForDeploymentPostprocessing = 0;
		};
		B0BDC22A1AA4A88600E20FAB /* Frameworks */ = {
			isa = PBXFrameworksBuildPhase;
			buildActionMask = 2147483647;
			files = (
			);
			runOnlyForDeploymentPostprocessing = 0;
		};
/* End PBXFrameworksBuildPhase section */

/* Begin PBXGroup section */
		B0BDC20C1AA4A88400E20FAB = {
			isa = PBXGroup;
			children = (
				B0BDC2171AA4A88500E20FAB /* TheList */,
				B0BDC2301AA4A88600E20FAB /* TheListTests */,
				B0BDC2161AA4A88500E20FAB /* Products */,
			);
			sourceTree = "<group>";
		};
		B0BDC2161AA4A88500E20FAB /* Products */ = {
			isa = PBXGroup;
			children = (
				B0BDC2151AA4A88500E20FAB /* TheList.app */,
				B0BDC22D1AA4A88600E20FAB /* TheListTests.xctest */,
			);
			name = Products;
			sourceTree = "<group>";
		};
		B0BDC2171AA4A88500E20FAB /* TheList */ = {
			isa = PBXGroup;
			children = (
				B0BDC21A1AA4A88500E20FAB /* AppDelegate.swift */,
				B0BDC21F1AA4A88600E20FAB /* ViewController.swift */,
				B0BDC2211AA4A88600E20FAB /* Main.storyboard */,
				B0BDC2241AA4A88600E20FAB /* Images.xcassets */,
				B0BDC2261AA4A88600E20FAB /* LaunchScreen.xib */,
				B0BDC21C1AA4A88600E20FAB /* TheList.xcdatamodeld */,
				B0BDC2181AA4A88500E20FAB /* Supporting Files */,
			);
			path = TheList;
			sourceTree = "<group>";
		};
		B0BDC2181AA4A88500E20FAB /* Supporting Files */ = {
			isa = PBXGroup;
			children = (
				B0BDC2191AA4A88500E20FAB /* Info.plist */,
			);
			name = "Supporting Files";
			sourceTree = "<group>";
		};
		B0BDC2301AA4A88600E20FAB /* TheListTests */ = {
			isa = PBXGroup;
			children = (
				B0BDC2331AA4A88600E20FAB /* TheListTests.swift */,
				B0BDC2311AA4A88600E20FAB /* Supporting Files */,
			);
			path = TheListTests;
			sourceTree = "<group>";
		};
		B0BDC2311AA4A88600E20FAB /* Supporting Files */ = {
			isa = PBXGroup;
			children = (
				B0BDC2321AA4A88600E20FAB /* Info.plist */,
			);
			name = "Supporting Files";
			sourceTree = "<group>";
		};
/* End PBXGroup section */

/* Begin PBXNativeTarget section */
		B0BDC2141AA4A88500E20FAB /* TheList */ = {
			isa = PBXNativeTarget;
			buildConfigurationList = B0BDC2371AA4A88600E20FAB /* Build configuration list for PBXNativeTarget "TheList" */;
			buildPhases = (
				B0BDC2111AA4A88500E20FAB /* Sources */,
				B0BDC2121AA4A88500E20FAB /* Frameworks */,
				B0BDC2131AA4A88500E20FAB /* Resources */,
			);
			buildRules = (
			);
			dependencies = (
			);
			name = TheList;
			productName = TheList;
			productReference = B0BDC2151AA4A88500E20FAB /* TheList.app */;
			productType = "com.apple.product-type.application";
		};
		B0BDC22C1AA4A88600E20FAB /* TheListTests */ = {
			isa = PBXNativeTarget;
			buildConfigurationList = B0BDC23A1AA4A88600E20FAB /* Build configuration list for PBXNativeTarget "TheListTests" */;
			buildPhases = (
				B0BDC2291AA4A88600E20FAB /* Sources */,
				B0BDC22A1AA4A88600E20FAB /* Frameworks */,
				B0BDC22B1AA4A88600E20FAB /* Resources */,
			);
			buildRules = (
			);
			dependencies = (
				B0BDC22F1AA4A88600E20FAB /* PBXTargetDependency */,
			);
			name = TheListTests;
			productName = TheListTests;
			productReference = B0BDC22D1AA4A88600E20FAB /* TheListTests.xctest */;
			productType = "com.apple.product-type.bundle.unit-test";
		};
/* End PBXNativeTarget section */

/* Begin PBXProject section */
		B0BDC20D1AA4A88500E20FAB /* Project object */ = {
			isa = PBXProject;
			attributes = {
				LastUpgradeCheck = 0610;
				ORGANIZATIONNAME = "Gene Grinberg";
				TargetAttributes = {
					B0BDC2141AA4A88500E20FAB = {
						CreatedOnToolsVersion = 6.1.1;
					};
					B0BDC22C1AA4A88600E20FAB = {
						CreatedOnToolsVersion = 6.1.1;
						TestTargetID = B0BDC2141AA4A88500E20FAB;
					};
				};
			};
			buildConfigurationList = B0BDC2101AA4A88500E20FAB /* Build configuration list for PBXProject "TheList" */;
			compatibilityVersion = "Xcode 3.2";
			developmentRegion = English;
			hasScannedForEncodings = 0;
			knownRegions = (
				en,
				Base,
			);
			mainGroup = B0BDC20C1AA4A88400E20FAB;
			productRefGroup = B0BDC2161AA4A88500E20FAB /* Products */;
			projectDirPath = "";
			projectRoot = "";
			targets = (
				B0BDC2141AA4A88500E20FAB /* TheList */,
				B0BDC22C1AA4A88600E20FAB /* TheListTests */,
			);
		};
/* End PBXProject section */

/* Begin PBXResourcesBuildPhase section */
		B0BDC2131AA4A88500E20FAB /* Resources */ = {
			isa = PBXResourcesBuildPhase;
			buildActionMask = 2147483647;
			files = (
				B0BDC2231AA4A88600E20FAB /* Main.storyboard in Resources */,
				B0BDC2281AA4A88600E20FAB /* LaunchScreen.xib in Resources */,
				B0BDC2251AA4A88600E20FAB /* Images.xcassets in Resources */,
			);
			runOnlyForDeploymentPostprocessing = 0;
		};
		B0BDC22B1AA4A88600E20FAB /* Resources */ = {
			isa = PBXResourcesBuildPhase;
			buildActionMask = 2147483647;
			files = (
			);
			runOnlyForDeploymentPostprocessing = 0;
		};
/* End PBXResourcesBuildPhase section */

/* Begin PBXSourcesBuildPhase section */
		B0BDC2111AA4A88500E20FAB /* Sources */ = {
			isa = PBXSourcesBuildPhase;
			buildActionMask = 2147483647;
			files = (
				B0BDC2201AA4A88600E20FAB /* ViewController.swift in Sources */,
				B0BDC21B1AA4A88500E20FAB /* AppDelegate.swift in Sources */,
				B0BDC21E1AA4A88600E20FAB /* TheList.xcdatamodeld in Sources */,
			);
			runOnlyForDeploymentPostprocessing = 0;
		};
		B0BDC2291AA4A88600E20FAB /* Sources */ = {
			isa = PBXSourcesBuildPhase;
			buildActionMask = 2147483647;
			files = (
				B0BDC2341AA4A88600E20FAB /* TheListTests.swift in Sources */,
			);
			runOnlyForDeploymentPostprocessing = 0;
		};
/* End PBXSourcesBuildPhase section */

/* Begin PBXTargetDependency section */
		B0BDC22F1AA4A88600E20FAB /* PBXTargetDependency */ = {
			isa = PBXTargetDependency;
			target = B0BDC2141AA4A88500E20FAB /* TheList */;
			targetProxy = B0BDC22E1AA4A88600E20FAB /* PBXContainerItemProxy */;
		};
/* End PBXTargetDependency section */

/* Begin PBXVariantGroup section */
		B0BDC2211AA4A88600E20FAB /* Main.storyboard */ = {
			isa = PBXVariantGroup;
			children = (
				B0BDC2221AA4A88600E20FAB /* Base */,
			);
			name = Main.storyboard;
			sourceTree = "<group>";
		};
		B0BDC2261AA4A88600E20FAB /* LaunchScreen.xib */ = {
			isa = PBXVariantGroup;
			children = (
				B0BDC2271AA4A88600E20FAB /* Base */,
			);
			name = LaunchScreen.xib;
			sourceTree = "<group>";
		};
/* End PBXVariantGroup section */

/* Begin XCBuildConfiguration section */
		B0BDC2351AA4A88600E20FAB /* Debug */ = {
			isa = XCBuildConfiguration;
			buildSettings = {
				ALWAYS_SEARCH_USER_PATHS = NO;
				CLANG_CXX_LANGUAGE_STANDARD = "gnu++0x";
				CLANG_CXX_LIBRARY = "libc++";
				CLANG_ENABLE_MODULES = YES;
				CLANG_ENABLE_OBJC_ARC = YES;
				CLANG_WARN_BOOL_CONVERSION = YES;
				CLANG_WARN_CONSTANT_CONVERSION = YES;
				CLANG_WARN_DIRECT_OBJC_ISA_USAGE = YES_ERROR;
				CLANG_WARN_EMPTY_BODY = YES;
				CLANG_WARN_ENUM_CONVERSION = YES;
				CLANG_WARN_INT_CONVERSION = YES;
				CLANG_WARN_OBJC_ROOT_CLASS = YES_ERROR;
				CLANG_WARN_UNREACHABLE_CODE = YES;
				CLANG_WARN__DUPLICATE_METHOD_MATCH = YES;
				"CODE_SIGN_IDENTITY[sdk=iphoneos*]" = "iPhone Developer";
				COPY_PHASE_STRIP = NO;
				ENABLE_STRICT_OBJC_MSGSEND = YES;
				GCC_C_LANGUAGE_STANDARD = gnu99;
				GCC_DYNAMIC_NO_PIC = NO;
				GCC_OPTIMIZATION_LEVEL = 0;
				GCC_PREPROCESSOR_DEFINITIONS = (
					"DEBUG=1",
					"$(inherited)",
				);
				GCC_SYMBOLS_PRIVATE_EXTERN = NO;
				GCC_WARN_64_TO_32_BIT_CONVERSION = YES;
				GCC_WARN_ABOUT_RETURN_TYPE = YES_ERROR;
				GCC_WARN_UNDECLARED_SELECTOR = YES;
				GCC_WARN_UNINITIALIZED_AUTOS = YES_AGGRESSIVE;
				GCC_WARN_UNUSED_FUNCTION = YES;
				GCC_WARN_UNUSED_VARIABLE = YES;
				IPHONEOS_DEPLOYMENT_TARGET = 8.1;
				MTL_ENABLE_DEBUG_INFO = YES;
				ONLY_ACTIVE_ARCH = YES;
				SDKROOT = iphoneos;
				SWIFT_OPTIMIZATION_LEVEL = "-Onone";
			};
			name = Debug;
		};
		B0BDC2361AA4A88600E20FAB /* Release */ = {
			isa = XCBuildConfiguration;
			buildSettings = {
				ALWAYS_SEARCH_USER_PATHS = NO;
				CLANG_CXX_LANGUAGE_STANDARD = "gnu++0x";
				CLANG_CXX_LIBRARY = "libc++";
				CLANG_ENABLE_MODULES = YES;
				CLANG_ENABLE_OBJC_ARC = YES;
				CLANG_WARN_BOOL_CONVERSION = YES;
				CLANG_WARN_CONSTANT_CONVERSION = YES;
				CLANG_WARN_DIRECT_OBJC_ISA_USAGE = YES_ERROR;
				CLANG_WARN_EMPTY_BODY = YES;
				CLANG_WARN_ENUM_CONVERSION = YES;
				CLANG_WARN_INT_CONVERSION = YES;
				CLANG_WARN_OBJC_ROOT_CLASS = YES_ERROR;
				CLANG_WARN_UNREACHABLE_CODE = YES;
				CLANG_WARN__DUPLICATE_METHOD_MATCH = YES;
				"CODE_SIGN_IDENTITY[sdk=iphoneos*]" = "iPhone Developer";
				COPY_PHASE_STRIP = YES;
				ENABLE_NS_ASSERTIONS = NO;
				ENABLE_STRICT_OBJC_MSGSEND = YES;
				GCC_C_LANGUAGE_STANDARD = gnu99;
				GCC_WARN_64_TO_32_BIT_CONVERSION = YES;
				GCC_WARN_ABOUT_RETURN_TYPE = YES_ERROR;
				GCC_WARN_UNDECLARED_SELECTOR = YES;
				GCC_WARN_UNINITIALIZED_AUTOS = YES_AGGRESSIVE;
				GCC_WARN_UNUSED_FUNCTION = YES;
				GCC_WARN_UNUSED_VARIABLE = YES;
				IPHONEOS_DEPLOYMENT_TARGET = 8.1;
				MTL_ENABLE_DEBUG_INFO = NO;
				SDKROOT = iphoneos;
				VALIDATE_PRODUCT = YES;
			};
			name = Release;
		};
		B0BDC2381AA4A88600E20FAB /* Debug */ = {
			isa = XCBuildConfiguration;
			buildSettings = {
				ASSETCATALOG_COMPILER_APPICON_NAME = AppIcon;
				INFOPLIST_FILE = TheList/Info.plist;
				LD_RUNPATH_SEARCH_PATHS = "$(inherited) @executable_path/Frameworks";
				PRODUCT_NAME = "$(TARGET_NAME)";
			};
			name = Debug;
		};
		B0BDC2391AA4A88600E20FAB /* Release */ = {
			isa = XCBuildConfiguration;
			buildSettings = {
				ASSETCATALOG_COMPILER_APPICON_NAME = AppIcon;
				INFOPLIST_FILE = TheList/Info.plist;
				LD_RUNPATH_SEARCH_PATHS = "$(inherited) @executable_path/Frameworks";
				PRODUCT_NAME = "$(TARGET_NAME)";
			};
			name = Release;
		};
		B0BDC23B1AA4A88600E20FAB /* Debug */ = {
			isa = XCBuildConfiguration;
			buildSettings = {
				BUNDLE_LOADER = "$(TEST_HOST)";
				FRAMEWORK_SEARCH_PATHS = (
					"$(SDKROOT)/Developer/Library/Frameworks",
					"$(inherited)",
				);
				GCC_PREPROCESSOR_DEFINITIONS = (
					"DEBUG=1",
					"$(inherited)",
				);
				INFOPLIST_FILE = TheListTests/Info.plist;
				LD_RUNPATH_SEARCH_PATHS = "$(inherited) @executable_path/Frameworks @loader_path/Frameworks";
				PRODUCT_NAME = "$(TARGET_NAME)";
				TEST_HOST = "$(BUILT_PRODUCTS_DIR)/TheList.app/TheList";
			};
			name = Debug;
		};
		B0BDC23C1AA4A88600E20FAB /* Release */ = {
			isa = XCBuildConfiguration;
			buildSettings = {
				BUNDLE_LOADER = "$(TEST_HOST)";
				FRAMEWORK_SEARCH_PATHS = (
					"$(SDKROOT)/Developer/Library/Frameworks",
					"$(inherited)",
				);
				INFOPLIST_FILE = TheListTests/Info.plist;
				LD_RUNPATH_SEARCH_PATHS = "$(inherited) @executable_path/Frameworks @loader_path/Frameworks";
				PRODUCT_NAME = "$(TARGET_NAME)";
				TEST_HOST = "$(BUILT_PRODUCTS_DIR)/TheList.app/TheList";
			};
			name = Release;
		};
/* End XCBuildConfiguration section */

/* Begin XCConfigurationList section */
		B0BDC2101AA4A88500E20FAB /* Build configuration list for PBXProject "TheList" */ = {
			isa = XCConfigurationList;
			buildConfigurations = (
				B0BDC2351AA4A88600E20FAB /* Debug */,
				B0BDC2361AA4A88600E20FAB /* Release */,
			);
			defaultConfigurationIsVisible = 0;
			defaultConfigurationName = Release;
		};
		B0BDC2371AA4A88600E20FAB /* Build configuration list for PBXNativeTarget "TheList" */ = {
			isa = XCConfigurationList;
			buildConfigurations = (
				B0BDC2381AA4A88600E20FAB /* Debug */,
				B0BDC2391AA4A88600E20FAB /* Release */,
			);
			defaultConfigurationIsVisible = 0;
		};
		B0BDC23A1AA4A88600E20FAB /* Build configuration list for PBXNativeTarget "TheListTests" */ = {
			isa = XCConfigurationList;
			buildConfigurations = (
				B0BDC23B1AA4A88600E20FAB /* Debug */,
				B0BDC23C1AA4A88600E20FAB /* Release */,
			);
			defaultConfigurationIsVisible = 0;
		};
/* End XCConfigurationList section */

/* Begin XCVersionGroup section */
		B0BDC21C1AA4A88600E20FAB /* TheList.xcdatamodeld */ = {
			isa = XCVersionGroup;
			children = (
				B0BDC21D1AA4A88600E20FAB /* TheList.xcdatamodel */,
			);
			currentVersion = B0BDC21D1AA4A88600E20FAB /* TheList.xcdatamodel */;
			path = TheList.xcdatamodeld;
			sourceTree = "<group>";
			versionGroupType = wrapper.xcdatamodel;
		};
/* End XCVersionGroup section */
	};
	rootObject = B0BDC20D1AA4A88500E20FAB /* Project object */;
}
